
Microsoft Visual Studio Solution File, Format Version 12.00
# Visual Studio Version 17
VisualStudioVersion = 17.14.36518.9 d17.14
MinimumVisualStudioVersion = 10.0.40219.1
Project("{FAE04EC0-301F-11D3-BF4B-00C04F79EFBC}") = "Asset_Management", "Asset_Management\Asset_Management.csproj", "{A03164B1-670A-4406-8742-13C1C46BD418}"
EndProject
Global
	GlobalSection(SolutionConfigurationPlatforms) = preSolution
		Debug|Any CPU = Debug|Any CPU
		Release|Any CPU = Release|Any CPU
	EndGlobalSection
	GlobalSection(ProjectConfigurationPlatforms) = postSolution
		{A03164B1-670A-4406-8742-13C1C46BD418}.Debug|Any CPU.ActiveCfg = Debug|Any CPU
		{A03164B1-670A-4406-8742-13C1C46BD418}.Debug|Any CPU.Build.0 = Debug|Any CPU
		{A03164B1-670A-4406-8742-13C1C46BD418}.Release|Any CPU.ActiveCfg = Release|Any CPU
		{A03164B1-670A-4406-8742-13C1C46BD418}.Release|Any CPU.Build.0 = Release|Any CPU
	EndGlobalSection
	GlobalSection(SolutionProperties) = preSolution
		HideSolutionNode = FALSE
	EndGlobalSection
	GlobalSection(ExtensibilityGlobals) = postSolution
		SolutionGuid = {5F2268E5-C055-47C0-8888-2FB44C586508}
	EndGlobalSection
EndGlobal
