Microsoft Visual Studio Solution File, Format Version 12.00
# Visual Studio Version 17
VisualStudioVersion = 17.5.2.0
MinimumVisualStudioVersion = 10.0.40219.1
Project("{FAE04EC0-301F-11D3-BF4B-00C04F79EFBC}") = "Asset_Management", "Asset_Management.csproj", "{B657266D-736D-F02C-4F59-374D9C6C4C62}"
EndProject
Global
	GlobalSection(SolutionConfigurationPlatforms) = preSolution
		Debug|Any CPU = Debug|Any CPU
		Release|Any CPU = Release|Any CPU
	EndGlobalSection
	GlobalSection(ProjectConfigurationPlatforms) = postSolution
		{B657266D-736D-F02C-4F59-374D9C6C4C62}.Debug|Any CPU.ActiveCfg = Debug|Any CPU
		{B657266D-736D-F02C-4F59-374D9C6C4C62}.Debug|Any CPU.Build.0 = Debug|Any CPU
		{B657266D-736D-F02C-4F59-374D9C6C4C62}.Release|Any CPU.ActiveCfg = Release|Any CPU
		{B657266D-736D-F02C-4F59-374D9C6C4C62}.Release|Any CPU.Build.0 = Release|Any CPU
	EndGlobalSection
	GlobalSection(SolutionProperties) = preSolution
		HideSolutionNode = FALSE
	EndGlobalSection
	GlobalSection(ExtensibilityGlobals) = postSolution
		SolutionGuid = {7781B848-ECF0-458F-9670-5BEAD8E51029}
	EndGlobalSection
EndGlobal
